
Microsoft Visual Studio Solution File, Format Version 12.00
# Visual Studio 15
VisualStudioVersion = 15.0.26228.9
MinimumVisualStudioVersion = 10.0.40219.1
Project("{FAE04EC0-301F-11D3-BF4B-00C04F79EFBC}") = "SportsStore.WebUI", "SportsStore.WebUI\SportsStore.WebUI.csproj", "{3CB3F6F7-142A-4BE2-B431-5D328E3E7DE6}"
EndProject
Project("{FAE04EC0-301F-11D3-BF4B-00C04F79EFBC}") = "SportsStore.Domain", "SportsStore.Domain\SportsStore.Domain.csproj", "{9551E1D3-1740-4ED1-AFD8-276795529D14}"
EndProject
Project("{FAE04EC0-301F-11D3-BF4B-00C04F79EFBC}") = "SportsStore.UnitTests", "SportsStore.UnitTests\SportsStore.UnitTests.csproj", "{19B6D92D-6BAC-42CF-B692-76E7CDC3B8A8}"
EndProject
Global
	GlobalSection(SolutionConfigurationPlatforms) = preSolution
		Debug|Any CPU = Debug|Any CPU
		Release|Any CPU = Release|Any CPU
	EndGlobalSection
	GlobalSection(ProjectConfigurationPlatforms) = postSolution
		{3CB3F6F7-142A-4BE2-B431-5D328E3E7DE6}.Debug|Any CPU.ActiveCfg = Debug|Any CPU
		{3CB3F6F7-142A-4BE2-B431-5D328E3E7DE6}.Debug|Any CPU.Build.0 = Debug|Any CPU
		{3CB3F6F7-142A-4BE2-B431-5D328E3E7DE6}.Release|Any CPU.ActiveCfg = Release|Any CPU
		{3CB3F6F7-142A-4BE2-B431-5D328E3E7DE6}.Release|Any CPU.Build.0 = Release|Any CPU
		{9551E1D3-1740-4ED1-AFD8-276795529D14}.Debug|Any CPU.ActiveCfg = Debug|Any CPU
		{9551E1D3-1740-4ED1-AFD8-276795529D14}.Debug|Any CPU.Build.0 = Debug|Any CPU
		{9551E1D3-1740-4ED1-AFD8-276795529D14}.Release|Any CPU.ActiveCfg = Release|Any CPU
		{9551E1D3-1740-4ED1-AFD8-276795529D14}.Release|Any CPU.Build.0 = Release|Any CPU
		{19B6D92D-6BAC-42CF-B692-76E7CDC3B8A8}.Debug|Any CPU.ActiveCfg = Debug|Any CPU
		{19B6D92D-6BAC-42CF-B692-76E7CDC3B8A8}.Debug|Any CPU.Build.0 = Debug|Any CPU
		{19B6D92D-6BAC-42CF-B692-76E7CDC3B8A8}.Release|Any CPU.ActiveCfg = Release|Any CPU
		{19B6D92D-6BAC-42CF-B692-76E7CDC3B8A8}.Release|Any CPU.Build.0 = Release|Any CPU
	EndGlobalSection
	GlobalSection(SolutionProperties) = preSolution
		HideSolutionNode = FALSE
	EndGlobalSection
EndGlobal
